
Microsoft Visual Studio Solution File, Format Version 12.00
# Visual Studio Version 17
VisualStudioVersion = 17.1.32210.238
MinimumVisualStudioVersion = 10.0.40219.1
Project("{9A19103F-16F7-4668-BE54-9A1E7A4F7556}") = "WeatherForecast", "WeatherForecast\WeatherForecast.csproj", "{1D6B5EF9-4CBE-4D1C-B4F4-52F658403CD8}"
EndProject
Project("{9A19103F-16F7-4668-BE54-9A1E7A4F7556}") = "WeatherForecast.DataObject", "WeatherForecast.DataObject\WeatherForecast.DataObject.csproj", "{0BA9DC8D-7559-4A09-BB83-401F2D35881E}"
EndProject
Project("{9A19103F-16F7-4668-BE54-9A1E7A4F7556}") = "WeatherForecast.BL", "WeatherForecast.BL\WeatherForecast.BL.csproj", "{0999E8FA-4032-449F-9CC6-EC3814E731FE}"
EndProject
Global
	GlobalSection(SolutionConfigurationPlatforms) = preSolution
		Debug|Any CPU = Debug|Any CPU
		Release|Any CPU = Release|Any CPU
	EndGlobalSection
	GlobalSection(ProjectConfigurationPlatforms) = postSolution
		{1D6B5EF9-4CBE-4D1C-B4F4-52F658403CD8}.Debug|Any CPU.ActiveCfg = Debug|Any CPU
		{1D6B5EF9-4CBE-4D1C-B4F4-52F658403CD8}.Debug|Any CPU.Build.0 = Debug|Any CPU
		{1D6B5EF9-4CBE-4D1C-B4F4-52F658403CD8}.Release|Any CPU.ActiveCfg = Release|Any CPU
		{1D6B5EF9-4CBE-4D1C-B4F4-52F658403CD8}.Release|Any CPU.Build.0 = Release|Any CPU
		{0BA9DC8D-7559-4A09-BB83-401F2D35881E}.Debug|Any CPU.ActiveCfg = Debug|Any CPU
		{0BA9DC8D-7559-4A09-BB83-401F2D35881E}.Debug|Any CPU.Build.0 = Debug|Any CPU
		{0BA9DC8D-7559-4A09-BB83-401F2D35881E}.Release|Any CPU.ActiveCfg = Release|Any CPU
		{0BA9DC8D-7559-4A09-BB83-401F2D35881E}.Release|Any CPU.Build.0 = Release|Any CPU
		{0999E8FA-4032-449F-9CC6-EC3814E731FE}.Debug|Any CPU.ActiveCfg = Debug|Any CPU
		{0999E8FA-4032-449F-9CC6-EC3814E731FE}.Debug|Any CPU.Build.0 = Debug|Any CPU
		{0999E8FA-4032-449F-9CC6-EC3814E731FE}.Release|Any CPU.ActiveCfg = Release|Any CPU
		{0999E8FA-4032-449F-9CC6-EC3814E731FE}.Release|Any CPU.Build.0 = Release|Any CPU
	EndGlobalSection
	GlobalSection(SolutionProperties) = preSolution
		HideSolutionNode = FALSE
	EndGlobalSection
	GlobalSection(ExtensibilityGlobals) = postSolution
		SolutionGuid = {C4B1311C-0670-4877-BB0B-B71831BAE1BD}
	EndGlobalSection
EndGlobal
